
Microsoft Visual Studio Solution File, Format Version 12.00
# Visual Studio 15
VisualStudioVersion = 15.0.27428.2037
MinimumVisualStudioVersion = 10.0.40219.1
Project("{FAE04EC0-301F-11D3-BF4B-00C04F79EFBC}") = "TF_Mobile_Banking.Android", "TF_Mobile_Banking\TF_Mobile_Banking.Android\TF_Mobile_Banking.Android.csproj", "{F1234890-B723-4B75-A96D-03B92FA634FF}"
EndProject
Project("{FAE04EC0-301F-11D3-BF4B-00C04F79EFBC}") = "TF_Mobile_Banking.iOS", "TF_Mobile_Banking\TF_Mobile_Banking.iOS\TF_Mobile_Banking.iOS.csproj", "{C2675C01-EF5F-4E6C-AC31-ED4CC38E7328}"
EndProject
Project("{FAE04EC0-301F-11D3-BF4B-00C04F79EFBC}") = "TF_Mobile_Banking.UWP", "TF_Mobile_Banking\TF_Mobile_Banking.UWP\TF_Mobile_Banking.UWP.csproj", "{A0896CBE-6C7C-4DF5-AD86-4DDD1BE987BC}"
EndProject
Project("{FAE04EC0-301F-11D3-BF4B-00C04F79EFBC}") = "TF_Mobile_Banking", "TF_Mobile_Banking\TF_Mobile_Banking\TF_Mobile_Banking.csproj", "{758AFA42-7A1E-4794-BEFD-B4AC56708B0F}"
EndProject
Global
	GlobalSection(SolutionConfigurationPlatforms) = preSolution
		Ad-Hoc|Any CPU = Ad-Hoc|Any CPU
		Ad-Hoc|ARM = Ad-Hoc|ARM
		Ad-Hoc|iPhone = Ad-Hoc|iPhone
		Ad-Hoc|iPhoneSimulator = Ad-Hoc|iPhoneSimulator
		Ad-Hoc|x64 = Ad-Hoc|x64
		Ad-Hoc|x86 = Ad-Hoc|x86
		AppStore|Any CPU = AppStore|Any CPU
		AppStore|ARM = AppStore|ARM
		AppStore|iPhone = AppStore|iPhone
		AppStore|iPhoneSimulator = AppStore|iPhoneSimulator
		AppStore|x64 = AppStore|x64
		AppStore|x86 = AppStore|x86
		Debug|Any CPU = Debug|Any CPU
		Debug|ARM = Debug|ARM
		Debug|iPhone = Debug|iPhone
		Debug|iPhoneSimulator = Debug|iPhoneSimulator
		Debug|x64 = Debug|x64
		Debug|x86 = Debug|x86
		Release|Any CPU = Release|Any CPU
		Release|ARM = Release|ARM
		Release|iPhone = Release|iPhone
		Release|iPhoneSimulator = Release|iPhoneSimulator
		Release|x64 = Release|x64
		Release|x86 = Release|x86
	EndGlobalSection
	GlobalSection(ProjectConfigurationPlatforms) = postSolution
		{F1234890-B723-4B75-A96D-03B92FA634FF}.Ad-Hoc|Any CPU.ActiveCfg = Release|Any CPU
		{F1234890-B723-4B75-A96D-03B92FA634FF}.Ad-Hoc|Any CPU.Build.0 = Release|Any CPU
		{F1234890-B723-4B75-A96D-03B92FA634FF}.Ad-Hoc|Any CPU.Deploy.0 = Release|Any CPU
		{F1234890-B723-4B75-A96D-03B92FA634FF}.Ad-Hoc|ARM.ActiveCfg = Release|Any CPU
		{F1234890-B723-4B75-A96D-03B92FA634FF}.Ad-Hoc|ARM.Build.0 = Release|Any CPU
		{F1234890-B723-4B75-A96D-03B92FA634FF}.Ad-Hoc|ARM.Deploy.0 = Release|Any CPU
		{F1234890-B723-4B75-A96D-03B92FA634FF}.Ad-Hoc|iPhone.ActiveCfg = Release|Any CPU
		{F1234890-B723-4B75-A96D-03B92FA634FF}.Ad-Hoc|iPhone.Build.0 = Release|Any CPU
		{F1234890-B723-4B75-A96D-03B92FA634FF}.Ad-Hoc|iPhone.Deploy.0 = Release|Any CPU
		{F1234890-B723-4B75-A96D-03B92FA634FF}.Ad-Hoc|iPhoneSimulator.ActiveCfg = Release|Any CPU
		{F1234890-B723-4B75-A96D-03B92FA634FF}.Ad-Hoc|iPhoneSimulator.Build.0 = Release|Any CPU
		{F1234890-B723-4B75-A96D-03B92FA634FF}.Ad-Hoc|iPhoneSimulator.Deploy.0 = Release|Any CPU
		{F1234890-B723-4B75-A96D-03B92FA634FF}.Ad-Hoc|x64.ActiveCfg = Release|Any CPU
		{F1234890-B723-4B75-A96D-03B92FA634FF}.Ad-Hoc|x64.Build.0 = Release|Any CPU
		{F1234890-B723-4B75-A96D-03B92FA634FF}.Ad-Hoc|x64.Deploy.0 = Release|Any CPU
		{F1234890-B723-4B75-A96D-03B92FA634FF}.Ad-Hoc|x86.ActiveCfg = Release|Any CPU
		{F1234890-B723-4B75-A96D-03B92FA634FF}.Ad-Hoc|x86.Build.0 = Release|Any CPU
		{F1234890-B723-4B75-A96D-03B92FA634FF}.Ad-Hoc|x86.Deploy.0 = Release|Any CPU
		{F1234890-B723-4B75-A96D-03B92FA634FF}.AppStore|Any CPU.ActiveCfg = Release|Any CPU
		{F1234890-B723-4B75-A96D-03B92FA634FF}.AppStore|Any CPU.Build.0 = Release|Any CPU
		{F1234890-B723-4B75-A96D-03B92FA634FF}.AppStore|Any CPU.Deploy.0 = Release|Any CPU
		{F1234890-B723-4B75-A96D-03B92FA634FF}.AppStore|ARM.ActiveCfg = Release|Any CPU
		{F1234890-B723-4B75-A96D-03B92FA634FF}.AppStore|ARM.Build.0 = Release|Any CPU
		{F1234890-B723-4B75-A96D-03B92FA634FF}.AppStore|ARM.Deploy.0 = Release|Any CPU
		{F1234890-B723-4B75-A96D-03B92FA634FF}.AppStore|iPhone.ActiveCfg = Release|Any CPU
		{F1234890-B723-4B75-A96D-03B92FA634FF}.AppStore|iPhone.Build.0 = Release|Any CPU
		{F1234890-B723-4B75-A96D-03B92FA634FF}.AppStore|iPhone.Deploy.0 = Release|Any CPU
		{F1234890-B723-4B75-A96D-03B92FA634FF}.AppStore|iPhoneSimulator.ActiveCfg = Release|Any CPU
		{F1234890-B723-4B75-A96D-03B92FA634FF}.AppStore|iPhoneSimulator.Build.0 = Release|Any CPU
		{F1234890-B723-4B75-A96D-03B92FA634FF}.AppStore|iPhoneSimulator.Deploy.0 = Release|Any CPU
		{F1234890-B723-4B75-A96D-03B92FA634FF}.AppStore|x64.ActiveCfg = Release|Any CPU
		{F1234890-B723-4B75-A96D-03B92FA634FF}.AppStore|x64.Build.0 = Release|Any CPU
		{F1234890-B723-4B75-A96D-03B92FA634FF}.AppStore|x64.Deploy.0 = Release|Any CPU
		{F1234890-B723-4B75-A96D-03B92FA634FF}.AppStore|x86.ActiveCfg = Release|Any CPU
		{F1234890-B723-4B75-A96D-03B92FA634FF}.AppStore|x86.Build.0 = Release|Any CPU
		{F1234890-B723-4B75-A96D-03B92FA634FF}.AppStore|x86.Deploy.0 = Release|Any CPU
		{F1234890-B723-4B75-A96D-03B92FA634FF}.Debug|Any CPU.ActiveCfg = Debug|Any CPU
		{F1234890-B723-4B75-A96D-03B92FA634FF}.Debug|Any CPU.Build.0 = Debug|Any CPU
		{F1234890-B723-4B75-A96D-03B92FA634FF}.Debug|Any CPU.Deploy.0 = Debug|Any CPU
		{F1234890-B723-4B75-A96D-03B92FA634FF}.Debug|ARM.ActiveCfg = Debug|Any CPU
		{F1234890-B723-4B75-A96D-03B92FA634FF}.Debug|ARM.Build.0 = Debug|Any CPU
		{F1234890-B723-4B75-A96D-03B92FA634FF}.Debug|ARM.Deploy.0 = Debug|Any CPU
		{F1234890-B723-4B75-A96D-03B92FA634FF}.Debug|iPhone.ActiveCfg = Debug|Any CPU
		{F1234890-B723-4B75-A96D-03B92FA634FF}.Debug|iPhone.Build.0 = Debug|Any CPU
		{F1234890-B723-4B75-A96D-03B92FA634FF}.Debug|iPhone.Deploy.0 = Debug|Any CPU
		{F1234890-B723-4B75-A96D-03B92FA634FF}.Debug|iPhoneSimulator.ActiveCfg = Debug|Any CPU
		{F1234890-B723-4B75-A96D-03B92FA634FF}.Debug|iPhoneSimulator.Build.0 = Debug|Any CPU
		{F1234890-B723-4B75-A96D-03B92FA634FF}.Debug|iPhoneSimulator.Deploy.0 = Debug|Any CPU
		{F1234890-B723-4B75-A96D-03B92FA634FF}.Debug|x64.ActiveCfg = Debug|Any CPU
		{F1234890-B723-4B75-A96D-03B92FA634FF}.Debug|x64.Build.0 = Debug|Any CPU
		{F1234890-B723-4B75-A96D-03B92FA634FF}.Debug|x64.Deploy.0 = Debug|Any CPU
		{F1234890-B723-4B75-A96D-03B92FA634FF}.Debug|x86.ActiveCfg = Debug|Any CPU
		{F1234890-B723-4B75-A96D-03B92FA634FF}.Debug|x86.Build.0 = Debug|Any CPU
		{F1234890-B723-4B75-A96D-03B92FA634FF}.Debug|x86.Deploy.0 = Debug|Any CPU
		{F1234890-B723-4B75-A96D-03B92FA634FF}.Release|Any CPU.ActiveCfg = Release|Any CPU
		{F1234890-B723-4B75-A96D-03B92FA634FF}.Release|Any CPU.Build.0 = Release|Any CPU
		{F1234890-B723-4B75-A96D-03B92FA634FF}.Release|Any CPU.Deploy.0 = Release|Any CPU
		{F1234890-B723-4B75-A96D-03B92FA634FF}.Release|ARM.ActiveCfg = Release|Any CPU
		{F1234890-B723-4B75-A96D-03B92FA634FF}.Release|ARM.Build.0 = Release|Any CPU
		{F1234890-B723-4B75-A96D-03B92FA634FF}.Release|ARM.Deploy.0 = Release|Any CPU
		{F1234890-B723-4B75-A96D-03B92FA634FF}.Release|iPhone.ActiveCfg = Release|Any CPU
		{F1234890-B723-4B75-A96D-03B92FA634FF}.Release|iPhone.Build.0 = Release|Any CPU
		{F1234890-B723-4B75-A96D-03B92FA634FF}.Release|iPhone.Deploy.0 = Release|Any CPU
		{F1234890-B723-4B75-A96D-03B92FA634FF}.Release|iPhoneSimulator.ActiveCfg = Release|Any CPU
		{F1234890-B723-4B75-A96D-03B92FA634FF}.Release|iPhoneSimulator.Build.0 = Release|Any CPU
		{F1234890-B723-4B75-A96D-03B92FA634FF}.Release|iPhoneSimulator.Deploy.0 = Release|Any CPU
		{F1234890-B723-4B75-A96D-03B92FA634FF}.Release|x64.ActiveCfg = Release|Any CPU
		{F1234890-B723-4B75-A96D-03B92FA634FF}.Release|x64.Build.0 = Release|Any CPU
		{F1234890-B723-4B75-A96D-03B92FA634FF}.Release|x64.Deploy.0 = Release|Any CPU
		{F1234890-B723-4B75-A96D-03B92FA634FF}.Release|x86.ActiveCfg = Release|Any CPU
		{F1234890-B723-4B75-A96D-03B92FA634FF}.Release|x86.Build.0 = Release|Any CPU
		{F1234890-B723-4B75-A96D-03B92FA634FF}.Release|x86.Deploy.0 = Release|Any CPU
		{C2675C01-EF5F-4E6C-AC31-ED4CC38E7328}.Ad-Hoc|Any CPU.ActiveCfg = Ad-Hoc|iPhone
		{C2675C01-EF5F-4E6C-AC31-ED4CC38E7328}.Ad-Hoc|ARM.ActiveCfg = Ad-Hoc|iPhone
		{C2675C01-EF5F-4E6C-AC31-ED4CC38E7328}.Ad-Hoc|iPhone.ActiveCfg = Ad-Hoc|iPhone
		{C2675C01-EF5F-4E6C-AC31-ED4CC38E7328}.Ad-Hoc|iPhone.Build.0 = Ad-Hoc|iPhone
		{C2675C01-EF5F-4E6C-AC31-ED4CC38E7328}.Ad-Hoc|iPhoneSimulator.ActiveCfg = Ad-Hoc|iPhoneSimulator
		{C2675C01-EF5F-4E6C-AC31-ED4CC38E7328}.Ad-Hoc|iPhoneSimulator.Build.0 = Ad-Hoc|iPhoneSimulator
		{C2675C01-EF5F-4E6C-AC31-ED4CC38E7328}.Ad-Hoc|x64.ActiveCfg = Ad-Hoc|iPhone
		{C2675C01-EF5F-4E6C-AC31-ED4CC38E7328}.Ad-Hoc|x86.ActiveCfg = Ad-Hoc|iPhone
		{C2675C01-EF5F-4E6C-AC31-ED4CC38E7328}.AppStore|Any CPU.ActiveCfg = AppStore|iPhone
		{C2675C01-EF5F-4E6C-AC31-ED4CC38E7328}.AppStore|ARM.ActiveCfg = AppStore|iPhone
		{C2675C01-EF5F-4E6C-AC31-ED4CC38E7328}.AppStore|iPhone.ActiveCfg = AppStore|iPhone
		{C2675C01-EF5F-4E6C-AC31-ED4CC38E7328}.AppStore|iPhone.Build.0 = AppStore|iPhone
		{C2675C01-EF5F-4E6C-AC31-ED4CC38E7328}.AppStore|iPhoneSimulator.ActiveCfg = AppStore|iPhoneSimulator
		{C2675C01-EF5F-4E6C-AC31-ED4CC38E7328}.AppStore|iPhoneSimulator.Build.0 = AppStore|iPhoneSimulator
		{C2675C01-EF5F-4E6C-AC31-ED4CC38E7328}.AppStore|x64.ActiveCfg = AppStore|iPhone
		{C2675C01-EF5F-4E6C-AC31-ED4CC38E7328}.AppStore|x86.ActiveCfg = AppStore|iPhone
		{C2675C01-EF5F-4E6C-AC31-ED4CC38E7328}.Debug|Any CPU.ActiveCfg = Debug|iPhone
		{C2675C01-EF5F-4E6C-AC31-ED4CC38E7328}.Debug|ARM.ActiveCfg = Debug|iPhone
		{C2675C01-EF5F-4E6C-AC31-ED4CC38E7328}.Debug|iPhone.ActiveCfg = Debug|iPhone
		{C2675C01-EF5F-4E6C-AC31-ED4CC38E7328}.Debug|iPhone.Build.0 = Debug|iPhone
		{C2675C01-EF5F-4E6C-AC31-ED4CC38E7328}.Debug|iPhoneSimulator.ActiveCfg = Debug|iPhoneSimulator
		{C2675C01-EF5F-4E6C-AC31-ED4CC38E7328}.Debug|iPhoneSimulator.Build.0 = Debug|iPhoneSimulator
		{C2675C01-EF5F-4E6C-AC31-ED4CC38E7328}.Debug|x64.ActiveCfg = Debug|iPhone
		{C2675C01-EF5F-4E6C-AC31-ED4CC38E7328}.Debug|x86.ActiveCfg = Debug|iPhone
		{C2675C01-EF5F-4E6C-AC31-ED4CC38E7328}.Release|Any CPU.ActiveCfg = Release|iPhone
		{C2675C01-EF5F-4E6C-AC31-ED4CC38E7328}.Release|ARM.ActiveCfg = Release|iPhone
		{C2675C01-EF5F-4E6C-AC31-ED4CC38E7328}.Release|iPhone.ActiveCfg = Release|iPhone
		{C2675C01-EF5F-4E6C-AC31-ED4CC38E7328}.Release|iPhone.Build.0 = Release|iPhone
		{C2675C01-EF5F-4E6C-AC31-ED4CC38E7328}.Release|iPhoneSimulator.ActiveCfg = Release|iPhoneSimulator
		{C2675C01-EF5F-4E6C-AC31-ED4CC38E7328}.Release|iPhoneSimulator.Build.0 = Release|iPhoneSimulator
		{C2675C01-EF5F-4E6C-AC31-ED4CC38E7328}.Release|x64.ActiveCfg = Release|iPhone
		{C2675C01-EF5F-4E6C-AC31-ED4CC38E7328}.Release|x86.ActiveCfg = Release|iPhone
		{A0896CBE-6C7C-4DF5-AD86-4DDD1BE987BC}.Ad-Hoc|Any CPU.ActiveCfg = Release|x86
		{A0896CBE-6C7C-4DF5-AD86-4DDD1BE987BC}.Ad-Hoc|Any CPU.Build.0 = Release|x86
		{A0896CBE-6C7C-4DF5-AD86-4DDD1BE987BC}.Ad-Hoc|Any CPU.Deploy.0 = Release|x86
		{A0896CBE-6C7C-4DF5-AD86-4DDD1BE987BC}.Ad-Hoc|ARM.ActiveCfg = Release|ARM
		{A0896CBE-6C7C-4DF5-AD86-4DDD1BE987BC}.Ad-Hoc|ARM.Build.0 = Release|ARM
		{A0896CBE-6C7C-4DF5-AD86-4DDD1BE987BC}.Ad-Hoc|ARM.Deploy.0 = Release|ARM
		{A0896CBE-6C7C-4DF5-AD86-4DDD1BE987BC}.Ad-Hoc|iPhone.ActiveCfg = Release|x86
		{A0896CBE-6C7C-4DF5-AD86-4DDD1BE987BC}.Ad-Hoc|iPhone.Build.0 = Release|x86
		{A0896CBE-6C7C-4DF5-AD86-4DDD1BE987BC}.Ad-Hoc|iPhone.Deploy.0 = Release|x86
		{A0896CBE-6C7C-4DF5-AD86-4DDD1BE987BC}.Ad-Hoc|iPhoneSimulator.ActiveCfg = Release|x86
		{A0896CBE-6C7C-4DF5-AD86-4DDD1BE987BC}.Ad-Hoc|iPhoneSimulator.Build.0 = Release|x86
		{A0896CBE-6C7C-4DF5-AD86-4DDD1BE987BC}.Ad-Hoc|iPhoneSimulator.Deploy.0 = Release|x86
		{A0896CBE-6C7C-4DF5-AD86-4DDD1BE987BC}.Ad-Hoc|x64.ActiveCfg = Release|x64
		{A0896CBE-6C7C-4DF5-AD86-4DDD1BE987BC}.Ad-Hoc|x64.Build.0 = Release|x64
		{A0896CBE-6C7C-4DF5-AD86-4DDD1BE987BC}.Ad-Hoc|x64.Deploy.0 = Release|x64
		{A0896CBE-6C7C-4DF5-AD86-4DDD1BE987BC}.Ad-Hoc|x86.ActiveCfg = Release|x86
		{A0896CBE-6C7C-4DF5-AD86-4DDD1BE987BC}.Ad-Hoc|x86.Build.0 = Release|x86
		{A0896CBE-6C7C-4DF5-AD86-4DDD1BE987BC}.Ad-Hoc|x86.Deploy.0 = Release|x86
		{A0896CBE-6C7C-4DF5-AD86-4DDD1BE987BC}.AppStore|Any CPU.ActiveCfg = Release|x86
		{A0896CBE-6C7C-4DF5-AD86-4DDD1BE987BC}.AppStore|Any CPU.Build.0 = Release|x86
		{A0896CBE-6C7C-4DF5-AD86-4DDD1BE987BC}.AppStore|Any CPU.Deploy.0 = Release|x86
		{A0896CBE-6C7C-4DF5-AD86-4DDD1BE987BC}.AppStore|ARM.ActiveCfg = Release|ARM
		{A0896CBE-6C7C-4DF5-AD86-4DDD1BE987BC}.AppStore|ARM.Build.0 = Release|ARM
		{A0896CBE-6C7C-4DF5-AD86-4DDD1BE987BC}.AppStore|ARM.Deploy.0 = Release|ARM
		{A0896CBE-6C7C-4DF5-AD86-4DDD1BE987BC}.AppStore|iPhone.ActiveCfg = Release|x86
		{A0896CBE-6C7C-4DF5-AD86-4DDD1BE987BC}.AppStore|iPhone.Build.0 = Release|x86
		{A0896CBE-6C7C-4DF5-AD86-4DDD1BE987BC}.AppStore|iPhone.Deploy.0 = Release|x86
		{A0896CBE-6C7C-4DF5-AD86-4DDD1BE987BC}.AppStore|iPhoneSimulator.ActiveCfg = Release|x86
		{A0896CBE-6C7C-4DF5-AD86-4DDD1BE987BC}.AppStore|iPhoneSimulator.Build.0 = Release|x86
		{A0896CBE-6C7C-4DF5-AD86-4DDD1BE987BC}.AppStore|iPhoneSimulator.Deploy.0 = Release|x86
		{A0896CBE-6C7C-4DF5-AD86-4DDD1BE987BC}.AppStore|x64.ActiveCfg = Release|x64
		{A0896CBE-6C7C-4DF5-AD86-4DDD1BE987BC}.AppStore|x64.Build.0 = Release|x64
		{A0896CBE-6C7C-4DF5-AD86-4DDD1BE987BC}.AppStore|x64.Deploy.0 = Release|x64
		{A0896CBE-6C7C-4DF5-AD86-4DDD1BE987BC}.AppStore|x86.ActiveCfg = Release|x86
		{A0896CBE-6C7C-4DF5-AD86-4DDD1BE987BC}.AppStore|x86.Build.0 = Release|x86
		{A0896CBE-6C7C-4DF5-AD86-4DDD1BE987BC}.AppStore|x86.Deploy.0 = Release|x86
		{A0896CBE-6C7C-4DF5-AD86-4DDD1BE987BC}.Debug|Any CPU.ActiveCfg = Debug|x86
		{A0896CBE-6C7C-4DF5-AD86-4DDD1BE987BC}.Debug|ARM.ActiveCfg = Debug|ARM
		{A0896CBE-6C7C-4DF5-AD86-4DDD1BE987BC}.Debug|ARM.Build.0 = Debug|ARM
		{A0896CBE-6C7C-4DF5-AD86-4DDD1BE987BC}.Debug|ARM.Deploy.0 = Debug|ARM
		{A0896CBE-6C7C-4DF5-AD86-4DDD1BE987BC}.Debug|iPhone.ActiveCfg = Debug|x86
		{A0896CBE-6C7C-4DF5-AD86-4DDD1BE987BC}.Debug|iPhoneSimulator.ActiveCfg = Debug|x86
		{A0896CBE-6C7C-4DF5-AD86-4DDD1BE987BC}.Debug|x64.ActiveCfg = Debug|x64
		{A0896CBE-6C7C-4DF5-AD86-4DDD1BE987BC}.Debug|x64.Build.0 = Debug|x64
		{A0896CBE-6C7C-4DF5-AD86-4DDD1BE987BC}.Debug|x64.Deploy.0 = Debug|x64
		{A0896CBE-6C7C-4DF5-AD86-4DDD1BE987BC}.Debug|x86.ActiveCfg = Debug|x86
		{A0896CBE-6C7C-4DF5-AD86-4DDD1BE987BC}.Debug|x86.Build.0 = Debug|x86
		{A0896CBE-6C7C-4DF5-AD86-4DDD1BE987BC}.Debug|x86.Deploy.0 = Debug|x86
		{A0896CBE-6C7C-4DF5-AD86-4DDD1BE987BC}.Release|Any CPU.ActiveCfg = Release|x86
		{A0896CBE-6C7C-4DF5-AD86-4DDD1BE987BC}.Release|ARM.ActiveCfg = Release|ARM
		{A0896CBE-6C7C-4DF5-AD86-4DDD1BE987BC}.Release|ARM.Build.0 = Release|ARM
		{A0896CBE-6C7C-4DF5-AD86-4DDD1BE987BC}.Release|ARM.Deploy.0 = Release|ARM
		{A0896CBE-6C7C-4DF5-AD86-4DDD1BE987BC}.Release|iPhone.ActiveCfg = Release|x86
		{A0896CBE-6C7C-4DF5-AD86-4DDD1BE987BC}.Release|iPhoneSimulator.ActiveCfg = Release|x86
		{A0896CBE-6C7C-4DF5-AD86-4DDD1BE987BC}.Release|x64.ActiveCfg = Release|x64
		{A0896CBE-6C7C-4DF5-AD86-4DDD1BE987BC}.Release|x64.Build.0 = Release|x64
		{A0896CBE-6C7C-4DF5-AD86-4DDD1BE987BC}.Release|x64.Deploy.0 = Release|x64
		{A0896CBE-6C7C-4DF5-AD86-4DDD1BE987BC}.Release|x86.ActiveCfg = Release|x86
		{A0896CBE-6C7C-4DF5-AD86-4DDD1BE987BC}.Release|x86.Build.0 = Release|x86
		{A0896CBE-6C7C-4DF5-AD86-4DDD1BE987BC}.Release|x86.Deploy.0 = Release|x86
		{758AFA42-7A1E-4794-BEFD-B4AC56708B0F}.Ad-Hoc|Any CPU.ActiveCfg = Debug|Any CPU
		{758AFA42-7A1E-4794-BEFD-B4AC56708B0F}.Ad-Hoc|Any CPU.Build.0 = Debug|Any CPU
		{758AFA42-7A1E-4794-BEFD-B4AC56708B0F}.Ad-Hoc|ARM.ActiveCfg = Debug|Any CPU
		{758AFA42-7A1E-4794-BEFD-B4AC56708B0F}.Ad-Hoc|ARM.Build.0 = Debug|Any CPU
		{758AFA42-7A1E-4794-BEFD-B4AC56708B0F}.Ad-Hoc|iPhone.ActiveCfg = Debug|Any CPU
		{758AFA42-7A1E-4794-BEFD-B4AC56708B0F}.Ad-Hoc|iPhone.Build.0 = Debug|Any CPU
		{758AFA42-7A1E-4794-BEFD-B4AC56708B0F}.Ad-Hoc|iPhoneSimulator.ActiveCfg = Debug|Any CPU
		{758AFA42-7A1E-4794-BEFD-B4AC56708B0F}.Ad-Hoc|iPhoneSimulator.Build.0 = Debug|Any CPU
		{758AFA42-7A1E-4794-BEFD-B4AC56708B0F}.Ad-Hoc|x64.ActiveCfg = Debug|Any CPU
		{758AFA42-7A1E-4794-BEFD-B4AC56708B0F}.Ad-Hoc|x64.Build.0 = Debug|Any CPU
		{758AFA42-7A1E-4794-BEFD-B4AC56708B0F}.Ad-Hoc|x86.ActiveCfg = Debug|Any CPU
		{758AFA42-7A1E-4794-BEFD-B4AC56708B0F}.Ad-Hoc|x86.Build.0 = Debug|Any CPU
		{758AFA42-7A1E-4794-BEFD-B4AC56708B0F}.AppStore|Any CPU.ActiveCfg = Debug|Any CPU
		{758AFA42-7A1E-4794-BEFD-B4AC56708B0F}.AppStore|Any CPU.Build.0 = Debug|Any CPU
		{758AFA42-7A1E-4794-BEFD-B4AC56708B0F}.AppStore|ARM.ActiveCfg = Debug|Any CPU
		{758AFA42-7A1E-4794-BEFD-B4AC56708B0F}.AppStore|ARM.Build.0 = Debug|Any CPU
		{758AFA42-7A1E-4794-BEFD-B4AC56708B0F}.AppStore|iPhone.ActiveCfg = Debug|Any CPU
		{758AFA42-7A1E-4794-BEFD-B4AC56708B0F}.AppStore|iPhone.Build.0 = Debug|Any CPU
		{758AFA42-7A1E-4794-BEFD-B4AC56708B0F}.AppStore|iPhoneSimulator.ActiveCfg = Debug|Any CPU
		{758AFA42-7A1E-4794-BEFD-B4AC56708B0F}.AppStore|iPhoneSimulator.Build.0 = Debug|Any CPU
		{758AFA42-7A1E-4794-BEFD-B4AC56708B0F}.AppStore|x64.ActiveCfg = Debug|Any CPU
		{758AFA42-7A1E-4794-BEFD-B4AC56708B0F}.AppStore|x64.Build.0 = Debug|Any CPU
		{758AFA42-7A1E-4794-BEFD-B4AC56708B0F}.AppStore|x86.ActiveCfg = Debug|Any CPU
		{758AFA42-7A1E-4794-BEFD-B4AC56708B0F}.AppStore|x86.Build.0 = Debug|Any CPU
		{758AFA42-7A1E-4794-BEFD-B4AC56708B0F}.Debug|Any CPU.ActiveCfg = Debug|Any CPU
		{758AFA42-7A1E-4794-BEFD-B4AC56708B0F}.Debug|Any CPU.Build.0 = Debug|Any CPU
		{758AFA42-7A1E-4794-BEFD-B4AC56708B0F}.Debug|ARM.ActiveCfg = Debug|Any CPU
		{758AFA42-7A1E-4794-BEFD-B4AC56708B0F}.Debug|ARM.Build.0 = Debug|Any CPU
		{758AFA42-7A1E-4794-BEFD-B4AC56708B0F}.Debug|iPhone.ActiveCfg = Debug|Any CPU
		{758AFA42-7A1E-4794-BEFD-B4AC56708B0F}.Debug|iPhone.Build.0 = Debug|Any CPU
		{758AFA42-7A1E-4794-BEFD-B4AC56708B0F}.Debug|iPhoneSimulator.ActiveCfg = Debug|Any CPU
		{758AFA42-7A1E-4794-BEFD-B4AC56708B0F}.Debug|iPhoneSimulator.Build.0 = Debug|Any CPU
		{758AFA42-7A1E-4794-BEFD-B4AC56708B0F}.Debug|x64.ActiveCfg = Debug|Any CPU
		{758AFA42-7A1E-4794-BEFD-B4AC56708B0F}.Debug|x64.Build.0 = Debug|Any CPU
		{758AFA42-7A1E-4794-BEFD-B4AC56708B0F}.Debug|x86.ActiveCfg = Debug|Any CPU
		{758AFA42-7A1E-4794-BEFD-B4AC56708B0F}.Debug|x86.Build.0 = Debug|Any CPU
		{758AFA42-7A1E-4794-BEFD-B4AC56708B0F}.Release|Any CPU.ActiveCfg = Release|Any CPU
		{758AFA42-7A1E-4794-BEFD-B4AC56708B0F}.Release|Any CPU.Build.0 = Release|Any CPU
		{758AFA42-7A1E-4794-BEFD-B4AC56708B0F}.Release|ARM.ActiveCfg = Release|Any CPU
		{758AFA42-7A1E-4794-BEFD-B4AC56708B0F}.Release|ARM.Build.0 = Release|Any CPU
		{758AFA42-7A1E-4794-BEFD-B4AC56708B0F}.Release|iPhone.ActiveCfg = Release|Any CPU
		{758AFA42-7A1E-4794-BEFD-B4AC56708B0F}.Release|iPhone.Build.0 = Release|Any CPU
		{758AFA42-7A1E-4794-BEFD-B4AC56708B0F}.Release|iPhoneSimulator.ActiveCfg = Release|Any CPU
		{758AFA42-7A1E-4794-BEFD-B4AC56708B0F}.Release|iPhoneSimulator.Build.0 = Release|Any CPU
		{758AFA42-7A1E-4794-BEFD-B4AC56708B0F}.Release|x64.ActiveCfg = Release|Any CPU
		{758AFA42-7A1E-4794-BEFD-B4AC56708B0F}.Release|x64.Build.0 = Release|Any CPU
		{758AFA42-7A1E-4794-BEFD-B4AC56708B0F}.Release|x86.ActiveCfg = Release|Any CPU
		{758AFA42-7A1E-4794-BEFD-B4AC56708B0F}.Release|x86.Build.0 = Release|Any CPU
	EndGlobalSection
	GlobalSection(SolutionProperties) = preSolution
		HideSolutionNode = FALSE
	EndGlobalSection
	GlobalSection(ExtensibilityGlobals) = postSolution
		SolutionGuid = {AA89448D-AB4F-4C4B-BA81-77F6ADF5338F}
	EndGlobalSection
EndGlobal
